{
  "name": "latc",
  "version": "0.0.1",
  "lockfileVersion": 3,
  "requires": true,
  "packages": {
    "": {
      "name": "latc",
      "version": "0.0.1",
      "dependencies": {
        "@achingbrain/ssdp": "github:fekerel/ssdp#main",
        "ws": "^8.18.0"
      }
    },
    "node_modules/@achingbrain/ssdp": {
      "version": "4.2.4",
      "resolved": "git+ssh://git@github.com/fekerel/ssdp.git#8f4573efd60780c0391811dd6cc8f88245b95354",
      "license": "Apache-2.0 OR MIT",
      "dependencies": {
        "abort-error": "^1.0.0",
        "freeport-promise": "^2.0.0",
        "merge-options": "^3.0.4",
        "xml2js": "^0.6.2"
      }
    },
    "node_modules/abort-error": {
      "version": "1.0.2",
      "resolved": "https://registry.npmjs.org/abort-error/-/abort-error-1.0.2.tgz",
      "integrity": "sha512-lVgvB2NyPLqbXXhVmXcYFTC1x5K7CiVdPgdY7LGgFQWC8506oN01sPN3i9cl9ynuwF4iJ0TS9exnR7cZ9FuX4w==",
      "license": "Apache-2.0 OR MIT"
    },
    "node_modules/freeport-promise": {
      "version": "2.0.0",
      "resolved": "https://registry.npmjs.org/freeport-promise/-/freeport-promise-2.0.0.tgz",
      "integrity": "sha512-dwWpT1DdQcwrhmRwnDnPM/ZFny+FtzU+k50qF2eid3KxaQDsMiBrwo1i0G3qSugkN5db6Cb0zgfc68QeTOpEFg==",
      "license": "Apache-2.0 OR MIT",
      "engines": {
        "node": ">=16.0.0",
        "npm": ">=7.0.0"
      }
    },
    "node_modules/is-plain-obj": {
      "version": "2.1.0",
      "resolved": "https://registry.npmjs.org/is-plain-obj/-/is-plain-obj-2.1.0.tgz",
      "integrity": "sha512-YWnfyRwxL/+SsrWYfOpUtz5b3YD+nyfkHvjbcanzk8zgyO4ASD67uVMRt8k5bM4lLMDnXfriRhOpemw+NfT1eA==",
      "license": "MIT",
      "engines": {
        "node": ">=8"
      }
    },
    "node_modules/merge-options": {
      "version": "3.0.4",
      "resolved": "https://registry.npmjs.org/merge-options/-/merge-options-3.0.4.tgz",
      "integrity": "sha512-2Sug1+knBjkaMsMgf1ctR1Ujx+Ayku4EdJN4Z+C2+JzoeF7A3OZ9KM2GY0CpQS51NR61LTurMJrRKPhSs3ZRTQ==",
      "license": "MIT",
      "dependencies": {
        "is-plain-obj": "^2.1.0"
      },
      "engines": {
        "node": ">=10"
      }
    },
    "node_modules/sax": {
      "version": "1.6.1",
      "resolved": "https://registry.npmjs.org/sax/-/sax-1.6.1.tgz",
      "integrity": "sha512-42tBVwLWnaQvW5zc4HbZrTuWccECCZfBi92FDuwtqxasH+JbPB3/FOKb1m222K42R4WxuxzzMsTswfzgtSu64Q==",
      "license": "BlueOak-1.0.0",
      "engines": {
        "node": ">=11.0.0"
      }
    },
    "node_modules/ws": {
      "version": "8.21.1",
      "resolved": "https://registry.npmjs.org/ws/-/ws-8.21.1.tgz",
      "integrity": "sha512-+0NTnW77fFN/DjQi6k/Sq/Yvk4Sgajw7urW8V+asjXnRgDs9gyGkdb7EzgfhA4goXsRIZKE28fzIXBHEzhuiWw==",
      "license": "MIT",
      "engines": {
        "node": ">=10.0.0"
      },
      "peerDependencies": {
        "bufferutil": "^4.0.1",
        "utf-8-validate": ">=5.0.2"
      },
      "peerDependenciesMeta": {
        "bufferutil": {
          "optional": true
        },
        "utf-8-validate": {
          "optional": true
        }
      }
    },
    "node_modules/xml2js": {
      "version": "0.6.2",
      "resolved": "https://registry.npmjs.org/xml2js/-/xml2js-0.6.2.tgz",
      "integrity": "sha512-T4rieHaC1EXcES0Kxxj4JWgaUQHDk+qwHcYOCFHfiwKz7tOVPLq7Hjq9dM1WCMhylqMEfP7hMcOIChvotiZegA==",
      "license": "MIT",
      "dependencies": {
        "sax": ">=0.6.0",
        "xmlbuilder": "~11.0.0"
      },
      "engines": {
        "node": ">=4.0.0"
      }
    },
    "node_modules/xmlbuilder": {
      "version": "11.0.1",
      "resolved": "https://registry.npmjs.org/xmlbuilder/-/xmlbuilder-11.0.1.tgz",
      "integrity": "sha512-fDlsI/kFEx7gLvbecc0/ohLG50fugQp8ryHzMTuW9vSa1GJ0XYWKnhsUx7oie3G98+r56aTQIUB4kht42R3JvA==",
      "license": "MIT",
      "engines": {
        "node": ">=4.0"
      }
    }
  }
}
